
Microsoft Visual Studio Solution File, Format Version 12.00
# Visual Studio Version 17
VisualStudioVersion = 17.5.002.0
MinimumVisualStudioVersion = 10.0.40219.1
Project("{9A19103F-16F7-4668-BE54-9A1E7A4F7556}") = "generator.web", "generator.web\generator.web.csproj", "{8EB51484-9FE6-49E3-9542-1212F0A81461}"
EndProject
Global
	GlobalSection(SolutionConfigurationPlatforms) = preSolution
		Debug|Any CPU = Debug|Any CPU
		Release|Any CPU = Release|Any CPU
	EndGlobalSection
	GlobalSection(ProjectConfigurationPlatforms) = postSolution
		{8EB51484-9FE6-49E3-9542-1212F0A81461}.Debug|Any CPU.ActiveCfg = Debug|Any CPU
		{8EB51484-9FE6-49E3-9542-1212F0A81461}.Debug|Any CPU.Build.0 = Debug|Any CPU
		{8EB51484-9FE6-49E3-9542-1212F0A81461}.Release|Any CPU.ActiveCfg = Release|Any CPU
		{8EB51484-9FE6-49E3-9542-1212F0A81461}.Release|Any CPU.Build.0 = Release|Any CPU
	EndGlobalSection
	GlobalSection(SolutionProperties) = preSolution
		HideSolutionNode = FALSE
	EndGlobalSection
	GlobalSection(ExtensibilityGlobals) = postSolution
		SolutionGuid = {E3BED303-3EB5-44A4-852A-88FC8F9E0F7F}
	EndGlobalSection
EndGlobal
